
Microsoft Visual Studio Solution File, Format Version 10.00
# Visual Studio 2008
Project("{8BC9CEB8-8B4A-11D0-8D11-00A0C91BC942}") = "ToyBoX", "ToyBoX.vcproj", "{79964C88-57C5-435E-9BFE-427EFC5D9346}"
EndProject
Global
	GlobalSection(SolutionConfigurationPlatforms) = preSolution
		Debug|Win32 = Debug|Win32
		Release|Win32 = Release|Win32
	EndGlobalSection
	GlobalSection(ProjectConfigurationPlatforms) = postSolution
		{79964C88-57C5-435E-9BFE-427EFC5D9346}.Debug|Win32.ActiveCfg = Debug|Win32
		{79964C88-57C5-435E-9BFE-427EFC5D9346}.Debug|Win32.Build.0 = Debug|Win32
		{79964C88-57C5-435E-9BFE-427EFC5D9346}.Release|Win32.ActiveCfg = Release|Win32
		{79964C88-57C5-435E-9BFE-427EFC5D9346}.Release|Win32.Build.0 = Release|Win32
	EndGlobalSection
	GlobalSection(SolutionProperties) = preSolution
		HideSolutionNode = FALSE
	EndGlobalSection
EndGlobal
